{
  "name": "jsonaut",
  "version": "0.1.0",
  "lockfileVersion": 3,
  "requires": true,
  "packages": {
    "": {
      "name": "jsonaut",
      "version": "0.1.0",
      "license": "MIT",
      "dependencies": {
        "jsonrepair": "^3.11.2"
      },
      "devDependencies": {
        "typescript": "^5.7.2"
      }
    },
    "node_modules/jsonrepair": {
      "version": "3.14.1",
      "resolved": "https://registry.npmjs.org/jsonrepair/-/jsonrepair-3.14.1.tgz",
      "integrity": "sha512-NpGgMhmzG/fajkBEFlS9jZvMSGDvc2xN/9wNCHZ+Nx32GZfLRELU6UE6dQkebvrQUct9S+7bvnpX29NB36Qbdw==",
      "license": "ISC",
      "bin": {
        "jsonrepair": "bin/cli.js"
      }
    },
    "node_modules/typescript": {
      "version": "5.9.3",
      "resolved": "https://registry.npmjs.org/typescript/-/typescript-5.9.3.tgz",
      "integrity": "sha512-jl1vZzPDinLr9eUt3J/t7V6FgNEw9QjvBPdysz9KfQDD41fQrC2Y4vKQdiaUpFT4bXlb1RHhLpp8wtm6M5TgSw==",
      "dev": true,
      "license": "Apache-2.0",
      "bin": {
        "tsc": "bin/tsc",
        "tsserver": "bin/tsserver"
      },
      "engines": {
        "node": ">=14.17"
      }
    }
  }
}
